
Microsoft Visual Studio Solution File, Format Version 12.00
# Visual Studio 15
VisualStudioVersion = 15.0.27703.2035
MinimumVisualStudioVersion = 10.0.40219.1
Project("{FAE04EC0-301F-11D3-BF4B-00C04F79EFBC}") = "VoiceRecognizer.Android", "VoiceRecognizer\VoiceRecognizer.Android\VoiceRecognizer.Android.csproj", "{0210BC17-CE51-4B31-B7FB-1A6C8A8353FD}"
EndProject
Project("{FAE04EC0-301F-11D3-BF4B-00C04F79EFBC}") = "VoiceRecognizer.iOS", "VoiceRecognizer\VoiceRecognizer.iOS\VoiceRecognizer.iOS.csproj", "{EEBDB16D-F7D5-482F-8B4A-6C8DD114D898}"
EndProject
Project("{FAE04EC0-301F-11D3-BF4B-00C04F79EFBC}") = "VoiceRecognizer", "VoiceRecognizer\VoiceRecognizer\VoiceRecognizer.csproj", "{7E6F5C26-2261-4956-9D10-CD592C67238F}"
EndProject
Global
	GlobalSection(SolutionConfigurationPlatforms) = preSolution
		Ad-Hoc|Any CPU = Ad-Hoc|Any CPU
		Ad-Hoc|iPhone = Ad-Hoc|iPhone
		Ad-Hoc|iPhoneSimulator = Ad-Hoc|iPhoneSimulator
		AppStore|Any CPU = AppStore|Any CPU
		AppStore|iPhone = AppStore|iPhone
		AppStore|iPhoneSimulator = AppStore|iPhoneSimulator
		Debug|Any CPU = Debug|Any CPU
		Debug|iPhone = Debug|iPhone
		Debug|iPhoneSimulator = Debug|iPhoneSimulator
		Release|Any CPU = Release|Any CPU
		Release|iPhone = Release|iPhone
		Release|iPhoneSimulator = Release|iPhoneSimulator
	EndGlobalSection
	GlobalSection(ProjectConfigurationPlatforms) = postSolution
		{0210BC17-CE51-4B31-B7FB-1A6C8A8353FD}.Ad-Hoc|Any CPU.ActiveCfg = Release|Any CPU
		{0210BC17-CE51-4B31-B7FB-1A6C8A8353FD}.Ad-Hoc|Any CPU.Build.0 = Release|Any CPU
		{0210BC17-CE51-4B31-B7FB-1A6C8A8353FD}.Ad-Hoc|Any CPU.Deploy.0 = Release|Any CPU
		{0210BC17-CE51-4B31-B7FB-1A6C8A8353FD}.Ad-Hoc|iPhone.ActiveCfg = Release|Any CPU
		{0210BC17-CE51-4B31-B7FB-1A6C8A8353FD}.Ad-Hoc|iPhone.Build.0 = Release|Any CPU
		{0210BC17-CE51-4B31-B7FB-1A6C8A8353FD}.Ad-Hoc|iPhone.Deploy.0 = Release|Any CPU
		{0210BC17-CE51-4B31-B7FB-1A6C8A8353FD}.Ad-Hoc|iPhoneSimulator.ActiveCfg = Release|Any CPU
		{0210BC17-CE51-4B31-B7FB-1A6C8A8353FD}.Ad-Hoc|iPhoneSimulator.Build.0 = Release|Any CPU
		{0210BC17-CE51-4B31-B7FB-1A6C8A8353FD}.Ad-Hoc|iPhoneSimulator.Deploy.0 = Release|Any CPU
		{0210BC17-CE51-4B31-B7FB-1A6C8A8353FD}.AppStore|Any CPU.ActiveCfg = Release|Any CPU
		{0210BC17-CE51-4B31-B7FB-1A6C8A8353FD}.AppStore|Any CPU.Build.0 = Release|Any CPU
		{0210BC17-CE51-4B31-B7FB-1A6C8A8353FD}.AppStore|Any CPU.Deploy.0 = Release|Any CPU
		{0210BC17-CE51-4B31-B7FB-1A6C8A8353FD}.AppStore|iPhone.ActiveCfg = Release|Any CPU
		{0210BC17-CE51-4B31-B7FB-1A6C8A8353FD}.AppStore|iPhone.Build.0 = Release|Any CPU
		{0210BC17-CE51-4B31-B7FB-1A6C8A8353FD}.AppStore|iPhone.Deploy.0 = Release|Any CPU
		{0210BC17-CE51-4B31-B7FB-1A6C8A8353FD}.AppStore|iPhoneSimulator.ActiveCfg = Release|Any CPU
		{0210BC17-CE51-4B31-B7FB-1A6C8A8353FD}.AppStore|iPhoneSimulator.Build.0 = Release|Any CPU
		{0210BC17-CE51-4B31-B7FB-1A6C8A8353FD}.AppStore|iPhoneSimulator.Deploy.0 = Release|Any CPU
		{0210BC17-CE51-4B31-B7FB-1A6C8A8353FD}.Debug|Any CPU.ActiveCfg = Debug|Any CPU
		{0210BC17-CE51-4B31-B7FB-1A6C8A8353FD}.Debug|Any CPU.Build.0 = Debug|Any CPU
		{0210BC17-CE51-4B31-B7FB-1A6C8A8353FD}.Debug|Any CPU.Deploy.0 = Debug|Any CPU
		{0210BC17-CE51-4B31-B7FB-1A6C8A8353FD}.Debug|iPhone.ActiveCfg = Debug|Any CPU
		{0210BC17-CE51-4B31-B7FB-1A6C8A8353FD}.Debug|iPhone.Build.0 = Debug|Any CPU
		{0210BC17-CE51-4B31-B7FB-1A6C8A8353FD}.Debug|iPhone.Deploy.0 = Debug|Any CPU
		{0210BC17-CE51-4B31-B7FB-1A6C8A8353FD}.Debug|iPhoneSimulator.ActiveCfg = Debug|Any CPU
		{0210BC17-CE51-4B31-B7FB-1A6C8A8353FD}.Debug|iPhoneSimulator.Build.0 = Debug|Any CPU
		{0210BC17-CE51-4B31-B7FB-1A6C8A8353FD}.Debug|iPhoneSimulator.Deploy.0 = Debug|Any CPU
		{0210BC17-CE51-4B31-B7FB-1A6C8A8353FD}.Release|Any CPU.ActiveCfg = Release|Any CPU
		{0210BC17-CE51-4B31-B7FB-1A6C8A8353FD}.Release|Any CPU.Build.0 = Release|Any CPU
		{0210BC17-CE51-4B31-B7FB-1A6C8A8353FD}.Release|Any CPU.Deploy.0 = Release|Any CPU
		{0210BC17-CE51-4B31-B7FB-1A6C8A8353FD}.Release|iPhone.ActiveCfg = Release|Any CPU
		{0210BC17-CE51-4B31-B7FB-1A6C8A8353FD}.Release|iPhone.Build.0 = Release|Any CPU
		{0210BC17-CE51-4B31-B7FB-1A6C8A8353FD}.Release|iPhone.Deploy.0 = Release|Any CPU
		{0210BC17-CE51-4B31-B7FB-1A6C8A8353FD}.Release|iPhoneSimulator.ActiveCfg = Release|Any CPU
		{0210BC17-CE51-4B31-B7FB-1A6C8A8353FD}.Release|iPhoneSimulator.Build.0 = Release|Any CPU
		{0210BC17-CE51-4B31-B7FB-1A6C8A8353FD}.Release|iPhoneSimulator.Deploy.0 = Release|Any CPU
		{EEBDB16D-F7D5-482F-8B4A-6C8DD114D898}.Ad-Hoc|Any CPU.ActiveCfg = Ad-Hoc|iPhone
		{EEBDB16D-F7D5-482F-8B4A-6C8DD114D898}.Ad-Hoc|Any CPU.Build.0 = Ad-Hoc|iPhone
		{EEBDB16D-F7D5-482F-8B4A-6C8DD114D898}.Ad-Hoc|Any CPU.Deploy.0 = Ad-Hoc|iPhone
		{EEBDB16D-F7D5-482F-8B4A-6C8DD114D898}.Ad-Hoc|iPhone.ActiveCfg = Ad-Hoc|iPhone
		{EEBDB16D-F7D5-482F-8B4A-6C8DD114D898}.Ad-Hoc|iPhone.Build.0 = Ad-Hoc|iPhone
		{EEBDB16D-F7D5-482F-8B4A-6C8DD114D898}.Ad-Hoc|iPhone.Deploy.0 = Ad-Hoc|iPhone
		{EEBDB16D-F7D5-482F-8B4A-6C8DD114D898}.Ad-Hoc|iPhoneSimulator.ActiveCfg = Ad-Hoc|iPhoneSimulator
		{EEBDB16D-F7D5-482F-8B4A-6C8DD114D898}.Ad-Hoc|iPhoneSimulator.Build.0 = Ad-Hoc|iPhoneSimulator
		{EEBDB16D-F7D5-482F-8B4A-6C8DD114D898}.Ad-Hoc|iPhoneSimulator.Deploy.0 = Ad-Hoc|iPhoneSimulator
		{EEBDB16D-F7D5-482F-8B4A-6C8DD114D898}.AppStore|Any CPU.ActiveCfg = AppStore|iPhone
		{EEBDB16D-F7D5-482F-8B4A-6C8DD114D898}.AppStore|Any CPU.Build.0 = AppStore|iPhone
		{EEBDB16D-F7D5-482F-8B4A-6C8DD114D898}.AppStore|Any CPU.Deploy.0 = AppStore|iPhone
		{EEBDB16D-F7D5-482F-8B4A-6C8DD114D898}.AppStore|iPhone.ActiveCfg = AppStore|iPhone
		{EEBDB16D-F7D5-482F-8B4A-6C8DD114D898}.AppStore|iPhone.Build.0 = AppStore|iPhone
		{EEBDB16D-F7D5-482F-8B4A-6C8DD114D898}.AppStore|iPhone.Deploy.0 = AppStore|iPhone
		{EEBDB16D-F7D5-482F-8B4A-6C8DD114D898}.AppStore|iPhoneSimulator.ActiveCfg = AppStore|iPhoneSimulator
		{EEBDB16D-F7D5-482F-8B4A-6C8DD114D898}.AppStore|iPhoneSimulator.Build.0 = AppStore|iPhoneSimulator
		{EEBDB16D-F7D5-482F-8B4A-6C8DD114D898}.AppStore|iPhoneSimulator.Deploy.0 = AppStore|iPhoneSimulator
		{EEBDB16D-F7D5-482F-8B4A-6C8DD114D898}.Debug|Any CPU.ActiveCfg = Debug|iPhoneSimulator
		{EEBDB16D-F7D5-482F-8B4A-6C8DD114D898}.Debug|Any CPU.Build.0 = Debug|iPhoneSimulator
		{EEBDB16D-F7D5-482F-8B4A-6C8DD114D898}.Debug|Any CPU.Deploy.0 = Debug|iPhoneSimulator
		{EEBDB16D-F7D5-482F-8B4A-6C8DD114D898}.Debug|iPhone.ActiveCfg = Debug|iPhone
		{EEBDB16D-F7D5-482F-8B4A-6C8DD114D898}.Debug|iPhone.Build.0 = Debug|iPhone
		{EEBDB16D-F7D5-482F-8B4A-6C8DD114D898}.Debug|iPhone.Deploy.0 = Debug|iPhone
		{EEBDB16D-F7D5-482F-8B4A-6C8DD114D898}.Debug|iPhoneSimulator.ActiveCfg = Debug|iPhoneSimulator
		{EEBDB16D-F7D5-482F-8B4A-6C8DD114D898}.Debug|iPhoneSimulator.Build.0 = Debug|iPhoneSimulator
		{EEBDB16D-F7D5-482F-8B4A-6C8DD114D898}.Debug|iPhoneSimulator.Deploy.0 = Debug|iPhoneSimulator
		{EEBDB16D-F7D5-482F-8B4A-6C8DD114D898}.Release|Any CPU.ActiveCfg = Release|iPhone
		{EEBDB16D-F7D5-482F-8B4A-6C8DD114D898}.Release|Any CPU.Build.0 = Release|iPhone
		{EEBDB16D-F7D5-482F-8B4A-6C8DD114D898}.Release|Any CPU.Deploy.0 = Release|iPhone
		{EEBDB16D-F7D5-482F-8B4A-6C8DD114D898}.Release|iPhone.ActiveCfg = Release|iPhone
		{EEBDB16D-F7D5-482F-8B4A-6C8DD114D898}.Release|iPhone.Build.0 = Release|iPhone
		{EEBDB16D-F7D5-482F-8B4A-6C8DD114D898}.Release|iPhone.Deploy.0 = Release|iPhone
		{EEBDB16D-F7D5-482F-8B4A-6C8DD114D898}.Release|iPhoneSimulator.ActiveCfg = Release|iPhoneSimulator
		{EEBDB16D-F7D5-482F-8B4A-6C8DD114D898}.Release|iPhoneSimulator.Build.0 = Release|iPhoneSimulator
		{EEBDB16D-F7D5-482F-8B4A-6C8DD114D898}.Release|iPhoneSimulator.Deploy.0 = Release|iPhoneSimulator
		{7E6F5C26-2261-4956-9D10-CD592C67238F}.Ad-Hoc|Any CPU.ActiveCfg = Debug|Any CPU
		{7E6F5C26-2261-4956-9D10-CD592C67238F}.Ad-Hoc|Any CPU.Build.0 = Debug|Any CPU
		{7E6F5C26-2261-4956-9D10-CD592C67238F}.Ad-Hoc|Any CPU.Deploy.0 = Debug|Any CPU
		{7E6F5C26-2261-4956-9D10-CD592C67238F}.Ad-Hoc|iPhone.ActiveCfg = Debug|Any CPU
		{7E6F5C26-2261-4956-9D10-CD592C67238F}.Ad-Hoc|iPhone.Build.0 = Debug|Any CPU
		{7E6F5C26-2261-4956-9D10-CD592C67238F}.Ad-Hoc|iPhone.Deploy.0 = Debug|Any CPU
		{7E6F5C26-2261-4956-9D10-CD592C67238F}.Ad-Hoc|iPhoneSimulator.ActiveCfg = Debug|Any CPU
		{7E6F5C26-2261-4956-9D10-CD592C67238F}.Ad-Hoc|iPhoneSimulator.Build.0 = Debug|Any CPU
		{7E6F5C26-2261-4956-9D10-CD592C67238F}.Ad-Hoc|iPhoneSimulator.Deploy.0 = Debug|Any CPU
		{7E6F5C26-2261-4956-9D10-CD592C67238F}.AppStore|Any CPU.ActiveCfg = Debug|Any CPU
		{7E6F5C26-2261-4956-9D10-CD592C67238F}.AppStore|Any CPU.Build.0 = Debug|Any CPU
		{7E6F5C26-2261-4956-9D10-CD592C67238F}.AppStore|Any CPU.Deploy.0 = Debug|Any CPU
		{7E6F5C26-2261-4956-9D10-CD592C67238F}.AppStore|iPhone.ActiveCfg = Debug|Any CPU
		{7E6F5C26-2261-4956-9D10-CD592C67238F}.AppStore|iPhone.Build.0 = Debug|Any CPU
		{7E6F5C26-2261-4956-9D10-CD592C67238F}.AppStore|iPhone.Deploy.0 = Debug|Any CPU
		{7E6F5C26-2261-4956-9D10-CD592C67238F}.AppStore|iPhoneSimulator.ActiveCfg = Debug|Any CPU
		{7E6F5C26-2261-4956-9D10-CD592C67238F}.AppStore|iPhoneSimulator.Build.0 = Debug|Any CPU
		{7E6F5C26-2261-4956-9D10-CD592C67238F}.AppStore|iPhoneSimulator.Deploy.0 = Debug|Any CPU
		{7E6F5C26-2261-4956-9D10-CD592C67238F}.Debug|Any CPU.ActiveCfg = Debug|Any CPU
		{7E6F5C26-2261-4956-9D10-CD592C67238F}.Debug|Any CPU.Build.0 = Debug|Any CPU
		{7E6F5C26-2261-4956-9D10-CD592C67238F}.Debug|Any CPU.Deploy.0 = Debug|Any CPU
		{7E6F5C26-2261-4956-9D10-CD592C67238F}.Debug|iPhone.ActiveCfg = Debug|Any CPU
		{7E6F5C26-2261-4956-9D10-CD592C67238F}.Debug|iPhone.Build.0 = Debug|Any CPU
		{7E6F5C26-2261-4956-9D10-CD592C67238F}.Debug|iPhone.Deploy.0 = Debug|Any CPU
		{7E6F5C26-2261-4956-9D10-CD592C67238F}.Debug|iPhoneSimulator.ActiveCfg = Debug|Any CPU
		{7E6F5C26-2261-4956-9D10-CD592C67238F}.Debug|iPhoneSimulator.Build.0 = Debug|Any CPU
		{7E6F5C26-2261-4956-9D10-CD592C67238F}.Debug|iPhoneSimulator.Deploy.0 = Debug|Any CPU
		{7E6F5C26-2261-4956-9D10-CD592C67238F}.Release|Any CPU.ActiveCfg = Release|Any CPU
		{7E6F5C26-2261-4956-9D10-CD592C67238F}.Release|Any CPU.Build.0 = Release|Any CPU
		{7E6F5C26-2261-4956-9D10-CD592C67238F}.Release|Any CPU.Deploy.0 = Release|Any CPU
		{7E6F5C26-2261-4956-9D10-CD592C67238F}.Release|iPhone.ActiveCfg = Release|Any CPU
		{7E6F5C26-2261-4956-9D10-CD592C67238F}.Release|iPhone.Build.0 = Release|Any CPU
		{7E6F5C26-2261-4956-9D10-CD592C67238F}.Release|iPhone.Deploy.0 = Release|Any CPU
		{7E6F5C26-2261-4956-9D10-CD592C67238F}.Release|iPhoneSimulator.ActiveCfg = Release|Any CPU
		{7E6F5C26-2261-4956-9D10-CD592C67238F}.Release|iPhoneSimulator.Build.0 = Release|Any CPU
		{7E6F5C26-2261-4956-9D10-CD592C67238F}.Release|iPhoneSimulator.Deploy.0 = Release|Any CPU
	EndGlobalSection
	GlobalSection(SolutionProperties) = preSolution
		HideSolutionNode = FALSE
	EndGlobalSection
	GlobalSection(ExtensibilityGlobals) = postSolution
		SolutionGuid = {821EF8BB-FC9A-49E5-8B6E-F70275509123}
	EndGlobalSection
EndGlobal
